
Microsoft Visual Studio Solution File, Format Version 12.00
# Visual Studio Version 17
VisualStudioVersion = 17.5.33502.453
MinimumVisualStudioVersion = 10.0.40219.1
Project("{FAE04EC0-301F-11D3-BF4B-00C04F79EFBC}") = "MoodAnalyser", "MoodAnalyser.csproj", "{E724F8AB-BEF3-4F2C-9400-EB5676E7DAA4}"
EndProject
Global
	GlobalSection(SolutionConfigurationPlatforms) = preSolution
		Debug|Any CPU = Debug|Any CPU
		Release|Any CPU = Release|Any CPU
	EndGlobalSection
	GlobalSection(ProjectConfigurationPlatforms) = postSolution
		{E724F8AB-BEF3-4F2C-9400-EB5676E7DAA4}.Debug|Any CPU.ActiveCfg = Debug|Any CPU
		{E724F8AB-BEF3-4F2C-9400-EB5676E7DAA4}.Debug|Any CPU.Build.0 = Debug|Any CPU
		{E724F8AB-BEF3-4F2C-9400-EB5676E7DAA4}.Release|Any CPU.ActiveCfg = Release|Any CPU
		{E724F8AB-BEF3-4F2C-9400-EB5676E7DAA4}.Release|Any CPU.Build.0 = Release|Any CPU
	EndGlobalSection
	GlobalSection(SolutionProperties) = preSolution
		HideSolutionNode = FALSE
	EndGlobalSection
	GlobalSection(ExtensibilityGlobals) = postSolution
		SolutionGuid = {4D922312-1882-4C08-921D-0FDA2E1C0B65}
	EndGlobalSection
EndGlobal
